
Microsoft Visual Studio Solution File, Format Version 12.00
# Visual Studio 15
VisualStudioVersion = 15.0.27130.2027
MinimumVisualStudioVersion = 10.0.40219.1
Project("{FAE04EC0-301F-11D3-BF4B-00C04F79EFBC}") = "ChatRoom_project", "ChatRoom_project\ChatRoom_project.csproj", "{610D09E2-BAEB-4621-A613-84ADF464C500}"
EndProject
Project("{FAE04EC0-301F-11D3-BF4B-00C04F79EFBC}") = "ChatRoom_UnitTests", "ChatRoom_UnitTests\ChatRoom_UnitTests.csproj", "{7CD7F0B1-93CA-4BC6-AB5A-1A5CA5B7E811}"
EndProject
Global
	GlobalSection(SolutionConfigurationPlatforms) = preSolution
		Debug|Any CPU = Debug|Any CPU
		Debug|ARM = Debug|ARM
		Debug|x64 = Debug|x64
		Debug|x86 = Debug|x86
		Release|Any CPU = Release|Any CPU
		Release|ARM = Release|ARM
		Release|x64 = Release|x64
		Release|x86 = Release|x86
	EndGlobalSection
	GlobalSection(ProjectConfigurationPlatforms) = postSolution
		{610D09E2-BAEB-4621-A613-84ADF464C500}.Debug|Any CPU.ActiveCfg = Debug|Any CPU
		{610D09E2-BAEB-4621-A613-84ADF464C500}.Debug|Any CPU.Build.0 = Debug|Any CPU
		{610D09E2-BAEB-4621-A613-84ADF464C500}.Debug|ARM.ActiveCfg = Debug|Any CPU
		{610D09E2-BAEB-4621-A613-84ADF464C500}.Debug|ARM.Build.0 = Debug|Any CPU
		{610D09E2-BAEB-4621-A613-84ADF464C500}.Debug|x64.ActiveCfg = Debug|Any CPU
		{610D09E2-BAEB-4621-A613-84ADF464C500}.Debug|x64.Build.0 = Debug|Any CPU
		{610D09E2-BAEB-4621-A613-84ADF464C500}.Debug|x86.ActiveCfg = Debug|Any CPU
		{610D09E2-BAEB-4621-A613-84ADF464C500}.Debug|x86.Build.0 = Debug|Any CPU
		{610D09E2-BAEB-4621-A613-84ADF464C500}.Release|Any CPU.ActiveCfg = Release|Any CPU
		{610D09E2-BAEB-4621-A613-84ADF464C500}.Release|Any CPU.Build.0 = Release|Any CPU
		{610D09E2-BAEB-4621-A613-84ADF464C500}.Release|ARM.ActiveCfg = Release|Any CPU
		{610D09E2-BAEB-4621-A613-84ADF464C500}.Release|ARM.Build.0 = Release|Any CPU
		{610D09E2-BAEB-4621-A613-84ADF464C500}.Release|x64.ActiveCfg = Release|Any CPU
		{610D09E2-BAEB-4621-A613-84ADF464C500}.Release|x64.Build.0 = Release|Any CPU
		{610D09E2-BAEB-4621-A613-84ADF464C500}.Release|x86.ActiveCfg = Release|Any CPU
		{610D09E2-BAEB-4621-A613-84ADF464C500}.Release|x86.Build.0 = Release|Any CPU
		{7CD7F0B1-93CA-4BC6-AB5A-1A5CA5B7E811}.Debug|Any CPU.ActiveCfg = Debug|Any CPU
		{7CD7F0B1-93CA-4BC6-AB5A-1A5CA5B7E811}.Debug|Any CPU.Build.0 = Debug|Any CPU
		{7CD7F0B1-93CA-4BC6-AB5A-1A5CA5B7E811}.Debug|ARM.ActiveCfg = Debug|Any CPU
		{7CD7F0B1-93CA-4BC6-AB5A-1A5CA5B7E811}.Debug|ARM.Build.0 = Debug|Any CPU
		{7CD7F0B1-93CA-4BC6-AB5A-1A5CA5B7E811}.Debug|x64.ActiveCfg = Debug|Any CPU
		{7CD7F0B1-93CA-4BC6-AB5A-1A5CA5B7E811}.Debug|x64.Build.0 = Debug|Any CPU
		{7CD7F0B1-93CA-4BC6-AB5A-1A5CA5B7E811}.Debug|x86.ActiveCfg = Debug|Any CPU
		{7CD7F0B1-93CA-4BC6-AB5A-1A5CA5B7E811}.Debug|x86.Build.0 = Debug|Any CPU
		{7CD7F0B1-93CA-4BC6-AB5A-1A5CA5B7E811}.Release|Any CPU.ActiveCfg = Release|Any CPU
		{7CD7F0B1-93CA-4BC6-AB5A-1A5CA5B7E811}.Release|Any CPU.Build.0 = Release|Any CPU
		{7CD7F0B1-93CA-4BC6-AB5A-1A5CA5B7E811}.Release|ARM.ActiveCfg = Release|Any CPU
		{7CD7F0B1-93CA-4BC6-AB5A-1A5CA5B7E811}.Release|ARM.Build.0 = Release|Any CPU
		{7CD7F0B1-93CA-4BC6-AB5A-1A5CA5B7E811}.Release|x64.ActiveCfg = Release|Any CPU
		{7CD7F0B1-93CA-4BC6-AB5A-1A5CA5B7E811}.Release|x64.Build.0 = Release|Any CPU
		{7CD7F0B1-93CA-4BC6-AB5A-1A5CA5B7E811}.Release|x86.ActiveCfg = Release|Any CPU
		{7CD7F0B1-93CA-4BC6-AB5A-1A5CA5B7E811}.Release|x86.Build.0 = Release|Any CPU
	EndGlobalSection
	GlobalSection(SolutionProperties) = preSolution
		HideSolutionNode = FALSE
	EndGlobalSection
	GlobalSection(ExtensibilityGlobals) = postSolution
		SolutionGuid = {62448A3C-0624-4345-9866-2B36AF1AE778}
	EndGlobalSection
EndGlobal
